{
  "requires": true,
  "lockfileVersion": 1,
  "dependencies": {
    "core-js": {
      "version": "2.6.9",
      "resolved": "https://registry.npmjs.org/core-js/-/core-js-2.6.9.tgz",
      "integrity": "sha512-HOpZf6eXmnl7la+cUdMnLvUxKNqLUzJvgIziQ0DiF3JwSImNphIqdGqzj6hIKyX04MmV0poclQ7+wjWvxQyR2A==",
      "dev": true
    },
    "weak-key": {
      "version": "1.0.1",
      "resolved": "https://registry.npmjs.org/weak-key/-/weak-key-1.0.1.tgz",
      "integrity": "sha512-HgISuSXCBGIDQf4Hzm7wkVoW6BPLzi1sJPoiiDSxERsbA0Ut8TJVDMbho+Q3RVGyCmW0MHKdcCnNVcPh0iJ0gA==",
      "dev": true,
      "requires": {
        "core-js": "^2.4.0"
      }
    }
  }
}
